
Microsoft Visual Studio Solution File, Format Version 12.00
# Visual Studio Version 17
VisualStudioVersion = 17.12.35506.116
MinimumVisualStudioVersion = 10.0.40219.1
Project("{FAE04EC0-301F-11D3-BF4B-00C04F79EFBC}") = "Data", "Data\Data.csproj", "{ECEB8E3C-D742-4C03-B66D-F6A33B59176D}"
EndProject
Project("{FAE04EC0-301F-11D3-BF4B-00C04F79EFBC}") = "Buisness", "Buisness\Buisness.csproj", "{7200F176-4073-4DC8-8FBC-C0E74B23A4C6}"
EndProject
Project("{FAE04EC0-301F-11D3-BF4B-00C04F79EFBC}") = "Presentation", "Presentation\Presentation.csproj", "{2598B8F3-F00D-4355-B0F0-9B218CDFECBC}"
EndProject
Global
	GlobalSection(SolutionConfigurationPlatforms) = preSolution
		Debug|Any CPU = Debug|Any CPU
		Release|Any CPU = Release|Any CPU
	EndGlobalSection
	GlobalSection(ProjectConfigurationPlatforms) = postSolution
		{ECEB8E3C-D742-4C03-B66D-F6A33B59176D}.Debug|Any CPU.ActiveCfg = Debug|Any CPU
		{ECEB8E3C-D742-4C03-B66D-F6A33B59176D}.Debug|Any CPU.Build.0 = Debug|Any CPU
		{ECEB8E3C-D742-4C03-B66D-F6A33B59176D}.Release|Any CPU.ActiveCfg = Release|Any CPU
		{ECEB8E3C-D742-4C03-B66D-F6A33B59176D}.Release|Any CPU.Build.0 = Release|Any CPU
		{7200F176-4073-4DC8-8FBC-C0E74B23A4C6}.Debug|Any CPU.ActiveCfg = Debug|Any CPU
		{7200F176-4073-4DC8-8FBC-C0E74B23A4C6}.Debug|Any CPU.Build.0 = Debug|Any CPU
		{7200F176-4073-4DC8-8FBC-C0E74B23A4C6}.Release|Any CPU.ActiveCfg = Release|Any CPU
		{7200F176-4073-4DC8-8FBC-C0E74B23A4C6}.Release|Any CPU.Build.0 = Release|Any CPU
		{2598B8F3-F00D-4355-B0F0-9B218CDFECBC}.Debug|Any CPU.ActiveCfg = Debug|Any CPU
		{2598B8F3-F00D-4355-B0F0-9B218CDFECBC}.Debug|Any CPU.Build.0 = Debug|Any CPU
		{2598B8F3-F00D-4355-B0F0-9B218CDFECBC}.Release|Any CPU.ActiveCfg = Release|Any CPU
		{2598B8F3-F00D-4355-B0F0-9B218CDFECBC}.Release|Any CPU.Build.0 = Release|Any CPU
	EndGlobalSection
	GlobalSection(SolutionProperties) = preSolution
		HideSolutionNode = FALSE
	EndGlobalSection
EndGlobal
